
Microsoft Visual Studio Solution File, Format Version 12.00
# Visual Studio Version 17
VisualStudioVersion = 17.3.32804.467
MinimumVisualStudioVersion = 10.0.40219.1
Project("{2150E333-8FDC-42A3-9474-1A3956D46DE8}") = "Source Code", "Source Code", "{81DD152D-5785-448E-BBDA-BD78D9340E7F}"
EndProject
Project("{2150E333-8FDC-42A3-9474-1A3956D46DE8}") = "Domain", "Domain", "{776FFE21-1BF4-4A88-B4D8-282D942A2F92}"
EndProject
Project("{2150E333-8FDC-42A3-9474-1A3956D46DE8}") = "SharedKernal", "SharedKernal", "{FB665831-66C0-4C94-8A03-BEFD28B65BC2}"
EndProject
Project("{9A19103F-16F7-4668-BE54-9A1E7A4F7556}") = "SharedKernal", "SharedKernal\SharedKernal.csproj", "{0BAE4668-2610-42CC-853C-96C86582209D}"
EndProject
Project("{2150E333-8FDC-42A3-9474-1A3956D46DE8}") = "Application", "Application", "{702C9442-2522-48F1-820B-DF751083D656}"
EndProject
Project("{2150E333-8FDC-42A3-9474-1A3956D46DE8}") = "Solution Items", "Solution Items", "{AEBB781C-3382-4449-865E-A7C0F9AE3B4B}"
	ProjectSection(SolutionItems) = preProject
		.editorconfig = .editorconfig
	EndProjectSection
EndProject
Project("{2150E333-8FDC-42A3-9474-1A3956D46DE8}") = "Tests", "Tests", "{C126D7A8-417D-43AD-89D5-DE7A4B17843C}"
EndProject
Project("{2150E333-8FDC-42A3-9474-1A3956D46DE8}") = "Infrastructure", "Infrastructure", "{B77E1036-3BEF-48B6-834E-F482A0F17971}"
EndProject
Project("{2150E333-8FDC-42A3-9474-1A3956D46DE8}") = "Presentation", "Presentation", "{84D23327-524B-4C05-8A07-A7B5F3A87ADE}"
EndProject
Project("{9A19103F-16F7-4668-BE54-9A1E7A4F7556}") = "Presentation", "Presentation\Presentation.csproj", "{4E93BAC8-1C7C-4F94-B270-463E129FBFF1}"
EndProject
Project("{9A19103F-16F7-4668-BE54-9A1E7A4F7556}") = "Domain", "Domain\Domain.csproj", "{3E694632-52AA-4C7E-93EC-773F8BDCD5A2}"
EndProject
Project("{9A19103F-16F7-4668-BE54-9A1E7A4F7556}") = "Application", "Application\Application.csproj", "{2CE2A9A1-BC64-45D4-8EDD-CBB7C7576C33}"
EndProject
Project("{9A19103F-16F7-4668-BE54-9A1E7A4F7556}") = "Infrastructure", "Infrastructure\Infrastructure.csproj", "{646A87FD-373B-4A17-951F-2E057F6D8B89}"
EndProject
Project("{FAE04EC0-301F-11D3-BF4B-00C04F79EFBC}") = "ScafoldingProject", "ScafoldingProject\ScafoldingProject.csproj", "{126876E4-9A6A-4085-90F8-4E5C86051D37}"
EndProject
Global
	GlobalSection(SolutionConfigurationPlatforms) = preSolution
		Debug|Any CPU = Debug|Any CPU
		Release|Any CPU = Release|Any CPU
	EndGlobalSection
	GlobalSection(ProjectConfigurationPlatforms) = postSolution
		{0BAE4668-2610-42CC-853C-96C86582209D}.Debug|Any CPU.ActiveCfg = Debug|Any CPU
		{0BAE4668-2610-42CC-853C-96C86582209D}.Debug|Any CPU.Build.0 = Debug|Any CPU
		{0BAE4668-2610-42CC-853C-96C86582209D}.Release|Any CPU.ActiveCfg = Release|Any CPU
		{0BAE4668-2610-42CC-853C-96C86582209D}.Release|Any CPU.Build.0 = Release|Any CPU
		{4E93BAC8-1C7C-4F94-B270-463E129FBFF1}.Debug|Any CPU.ActiveCfg = Debug|Any CPU
		{4E93BAC8-1C7C-4F94-B270-463E129FBFF1}.Debug|Any CPU.Build.0 = Debug|Any CPU
		{4E93BAC8-1C7C-4F94-B270-463E129FBFF1}.Release|Any CPU.ActiveCfg = Release|Any CPU
		{4E93BAC8-1C7C-4F94-B270-463E129FBFF1}.Release|Any CPU.Build.0 = Release|Any CPU
		{3E694632-52AA-4C7E-93EC-773F8BDCD5A2}.Debug|Any CPU.ActiveCfg = Debug|Any CPU
		{3E694632-52AA-4C7E-93EC-773F8BDCD5A2}.Debug|Any CPU.Build.0 = Debug|Any CPU
		{3E694632-52AA-4C7E-93EC-773F8BDCD5A2}.Release|Any CPU.ActiveCfg = Release|Any CPU
		{3E694632-52AA-4C7E-93EC-773F8BDCD5A2}.Release|Any CPU.Build.0 = Release|Any CPU
		{2CE2A9A1-BC64-45D4-8EDD-CBB7C7576C33}.Debug|Any CPU.ActiveCfg = Debug|Any CPU
		{2CE2A9A1-BC64-45D4-8EDD-CBB7C7576C33}.Debug|Any CPU.Build.0 = Debug|Any CPU
		{2CE2A9A1-BC64-45D4-8EDD-CBB7C7576C33}.Release|Any CPU.ActiveCfg = Release|Any CPU
		{2CE2A9A1-BC64-45D4-8EDD-CBB7C7576C33}.Release|Any CPU.Build.0 = Release|Any CPU
		{646A87FD-373B-4A17-951F-2E057F6D8B89}.Debug|Any CPU.ActiveCfg = Debug|Any CPU
		{646A87FD-373B-4A17-951F-2E057F6D8B89}.Debug|Any CPU.Build.0 = Debug|Any CPU
		{646A87FD-373B-4A17-951F-2E057F6D8B89}.Release|Any CPU.ActiveCfg = Release|Any CPU
		{646A87FD-373B-4A17-951F-2E057F6D8B89}.Release|Any CPU.Build.0 = Release|Any CPU
		{126876E4-9A6A-4085-90F8-4E5C86051D37}.Debug|Any CPU.ActiveCfg = Debug|Any CPU
		{126876E4-9A6A-4085-90F8-4E5C86051D37}.Debug|Any CPU.Build.0 = Debug|Any CPU
		{126876E4-9A6A-4085-90F8-4E5C86051D37}.Release|Any CPU.ActiveCfg = Release|Any CPU
		{126876E4-9A6A-4085-90F8-4E5C86051D37}.Release|Any CPU.Build.0 = Release|Any CPU
	EndGlobalSection
	GlobalSection(SolutionProperties) = preSolution
		HideSolutionNode = FALSE
	EndGlobalSection
	GlobalSection(NestedProjects) = preSolution
		{776FFE21-1BF4-4A88-B4D8-282D942A2F92} = {81DD152D-5785-448E-BBDA-BD78D9340E7F}
		{FB665831-66C0-4C94-8A03-BEFD28B65BC2} = {81DD152D-5785-448E-BBDA-BD78D9340E7F}
		{0BAE4668-2610-42CC-853C-96C86582209D} = {FB665831-66C0-4C94-8A03-BEFD28B65BC2}
		{702C9442-2522-48F1-820B-DF751083D656} = {81DD152D-5785-448E-BBDA-BD78D9340E7F}
		{B77E1036-3BEF-48B6-834E-F482A0F17971} = {81DD152D-5785-448E-BBDA-BD78D9340E7F}
		{84D23327-524B-4C05-8A07-A7B5F3A87ADE} = {81DD152D-5785-448E-BBDA-BD78D9340E7F}
		{4E93BAC8-1C7C-4F94-B270-463E129FBFF1} = {84D23327-524B-4C05-8A07-A7B5F3A87ADE}
		{3E694632-52AA-4C7E-93EC-773F8BDCD5A2} = {776FFE21-1BF4-4A88-B4D8-282D942A2F92}
		{2CE2A9A1-BC64-45D4-8EDD-CBB7C7576C33} = {702C9442-2522-48F1-820B-DF751083D656}
		{646A87FD-373B-4A17-951F-2E057F6D8B89} = {B77E1036-3BEF-48B6-834E-F482A0F17971}
		{126876E4-9A6A-4085-90F8-4E5C86051D37} = {C126D7A8-417D-43AD-89D5-DE7A4B17843C}
	EndGlobalSection
	GlobalSection(ExtensibilityGlobals) = postSolution
		SolutionGuid = {B936DB54-1FA9-4CD9-A084-FCC830E7B194}
	EndGlobalSection
EndGlobal
